
Microsoft Visual Studio Solution File, Format Version 12.00
# Visual Studio 14
VisualStudioVersion = 14.0.25123.0
MinimumVisualStudioVersion = 10.0.40219.1
Project("{8BC9CEB8-8B4A-11D0-8D11-00A0C91BC942}") = "01-HelloAIE", "1-HelloAIE\1-HelloAIE.vcxproj", "{3B23E784-81E1-4904-938C-D24103313A72}"
EndProject
Project("{8BC9CEB8-8B4A-11D0-8D11-00A0C91BC942}") = "02-Variables", "2-Variables\2-Variables.vcxproj", "{2CE39E00-4612-46C0-A61E-63DD775758B9}"
EndProject
Project("{8BC9CEB8-8B4A-11D0-8D11-00A0C91BC942}") = "03-Conditionals", "3-Conditionals\3-Conditionals.vcxproj", "{57E9F0EE-45BA-436E-9794-FA5CEC8E307A}"
EndProject
Project("{8BC9CEB8-8B4A-11D0-8D11-00A0C91BC942}") = "04-Functions", "4-Functions\4-Functions.vcxproj", "{731E9A79-FB99-49B1-A408-723AAA84A9F9}"
EndProject
Project("{8BC9CEB8-8B4A-11D0-8D11-00A0C91BC942}") = "05-Multi-FileProjects", "5-Multi-FileProjects\5-Multi-FileProjects.vcxproj", "{59C1DFCE-B4E9-48AC-A6D5-976C09F7B014}"
EndProject
Project("{8BC9CEB8-8B4A-11D0-8D11-00A0C91BC942}") = "08-Structs and Plain 'Ol Data", "8-Structs and Plain 'Ol Data 2\8-Structs and Plain 'Ol Data 2.vcxproj", "{8CD38349-A414-4191-9FE3-191190064B8B}"
EndProject
Project("{8BC9CEB8-8B4A-11D0-8D11-00A0C91BC942}") = "06-Loops", "06-Loops\06-Loops.vcxproj", "{58EE66D6-0B69-4029-B895-284C4FF4582D}"
EndProject
Project("{8BC9CEB8-8B4A-11D0-8D11-00A0C91BC942}") = "07-Arrays", "07-Arrays\07-Arrays.vcxproj", "{435EE336-877A-4F63-B267-56AA42795FA2}"
EndProject
Project("{8BC9CEB8-8B4A-11D0-8D11-00A0C91BC942}") = "10 - App Dev Practice Run", "10 - App Dev Practice Run\10 - App Dev Practice Run.vcxproj", "{0A13261E-107E-4E56-8A28-55FA5D85F2C6}"
EndProject
Project("{8BC9CEB8-8B4A-11D0-8D11-00A0C91BC942}") = "SpaceRouge", "SpaceRouge\SpaceRouge.vcxproj", "{D6DEC616-93B7-41F0-9C4D-C9893A843F91}"
EndProject
Global
	GlobalSection(SolutionConfigurationPlatforms) = preSolution
		Debug|x64 = Debug|x64
		Debug|x86 = Debug|x86
		Release|x64 = Release|x64
		Release|x86 = Release|x86
	EndGlobalSection
	GlobalSection(ProjectConfigurationPlatforms) = postSolution
		{3B23E784-81E1-4904-938C-D24103313A72}.Debug|x64.ActiveCfg = Debug|x64
		{3B23E784-81E1-4904-938C-D24103313A72}.Debug|x64.Build.0 = Debug|x64
		{3B23E784-81E1-4904-938C-D24103313A72}.Debug|x86.ActiveCfg = Debug|Win32
		{3B23E784-81E1-4904-938C-D24103313A72}.Debug|x86.Build.0 = Debug|Win32
		{3B23E784-81E1-4904-938C-D24103313A72}.Release|x64.ActiveCfg = Release|x64
		{3B23E784-81E1-4904-938C-D24103313A72}.Release|x64.Build.0 = Release|x64
		{3B23E784-81E1-4904-938C-D24103313A72}.Release|x86.ActiveCfg = Release|Win32
		{3B23E784-81E1-4904-938C-D24103313A72}.Release|x86.Build.0 = Release|Win32
		{2CE39E00-4612-46C0-A61E-63DD775758B9}.Debug|x64.ActiveCfg = Debug|x64
		{2CE39E00-4612-46C0-A61E-63DD775758B9}.Debug|x64.Build.0 = Debug|x64
		{2CE39E00-4612-46C0-A61E-63DD775758B9}.Debug|x86.ActiveCfg = Debug|Win32
		{2CE39E00-4612-46C0-A61E-63DD775758B9}.Debug|x86.Build.0 = Debug|Win32
		{2CE39E00-4612-46C0-A61E-63DD775758B9}.Release|x64.ActiveCfg = Release|x64
		{2CE39E00-4612-46C0-A61E-63DD775758B9}.Release|x64.Build.0 = Release|x64
		{2CE39E00-4612-46C0-A61E-63DD775758B9}.Release|x86.ActiveCfg = Release|Win32
		{2CE39E00-4612-46C0-A61E-63DD775758B9}.Release|x86.Build.0 = Release|Win32
		{57E9F0EE-45BA-436E-9794-FA5CEC8E307A}.Debug|x64.ActiveCfg = Debug|x64
		{57E9F0EE-45BA-436E-9794-FA5CEC8E307A}.Debug|x64.Build.0 = Debug|x64
		{57E9F0EE-45BA-436E-9794-FA5CEC8E307A}.Debug|x86.ActiveCfg = Debug|Win32
		{57E9F0EE-45BA-436E-9794-FA5CEC8E307A}.Debug|x86.Build.0 = Debug|Win32
		{57E9F0EE-45BA-436E-9794-FA5CEC8E307A}.Release|x64.ActiveCfg = Release|x64
		{57E9F0EE-45BA-436E-9794-FA5CEC8E307A}.Release|x64.Build.0 = Release|x64
		{57E9F0EE-45BA-436E-9794-FA5CEC8E307A}.Release|x86.ActiveCfg = Release|Win32
		{57E9F0EE-45BA-436E-9794-FA5CEC8E307A}.Release|x86.Build.0 = Release|Win32
		{731E9A79-FB99-49B1-A408-723AAA84A9F9}.Debug|x64.ActiveCfg = Debug|x64
		{731E9A79-FB99-49B1-A408-723AAA84A9F9}.Debug|x64.Build.0 = Debug|x64
		{731E9A79-FB99-49B1-A408-723AAA84A9F9}.Debug|x86.ActiveCfg = Debug|Win32
		{731E9A79-FB99-49B1-A408-723AAA84A9F9}.Debug|x86.Build.0 = Debug|Win32
		{731E9A79-FB99-49B1-A408-723AAA84A9F9}.Release|x64.ActiveCfg = Release|x64
		{731E9A79-FB99-49B1-A408-723AAA84A9F9}.Release|x64.Build.0 = Release|x64
		{731E9A79-FB99-49B1-A408-723AAA84A9F9}.Release|x86.ActiveCfg = Release|Win32
		{731E9A79-FB99-49B1-A408-723AAA84A9F9}.Release|x86.Build.0 = Release|Win32
		{59C1DFCE-B4E9-48AC-A6D5-976C09F7B014}.Debug|x64.ActiveCfg = Debug|x64
		{59C1DFCE-B4E9-48AC-A6D5-976C09F7B014}.Debug|x64.Build.0 = Debug|x64
		{59C1DFCE-B4E9-48AC-A6D5-976C09F7B014}.Debug|x86.ActiveCfg = Debug|Win32
		{59C1DFCE-B4E9-48AC-A6D5-976C09F7B014}.Debug|x86.Build.0 = Debug|Win32
		{59C1DFCE-B4E9-48AC-A6D5-976C09F7B014}.Release|x64.ActiveCfg = Release|x64
		{59C1DFCE-B4E9-48AC-A6D5-976C09F7B014}.Release|x64.Build.0 = Release|x64
		{59C1DFCE-B4E9-48AC-A6D5-976C09F7B014}.Release|x86.ActiveCfg = Release|Win32
		{59C1DFCE-B4E9-48AC-A6D5-976C09F7B014}.Release|x86.Build.0 = Release|Win32
		{8CD38349-A414-4191-9FE3-191190064B8B}.Debug|x64.ActiveCfg = Debug|x64
		{8CD38349-A414-4191-9FE3-191190064B8B}.Debug|x64.Build.0 = Debug|x64
		{8CD38349-A414-4191-9FE3-191190064B8B}.Debug|x86.ActiveCfg = Debug|Win32
		{8CD38349-A414-4191-9FE3-191190064B8B}.Debug|x86.Build.0 = Debug|Win32
		{8CD38349-A414-4191-9FE3-191190064B8B}.Release|x64.ActiveCfg = Release|x64
		{8CD38349-A414-4191-9FE3-191190064B8B}.Release|x64.Build.0 = Release|x64
		{8CD38349-A414-4191-9FE3-191190064B8B}.Release|x86.ActiveCfg = Release|Win32
		{8CD38349-A414-4191-9FE3-191190064B8B}.Release|x86.Build.0 = Release|Win32
		{58EE66D6-0B69-4029-B895-284C4FF4582D}.Debug|x64.ActiveCfg = Debug|x64
		{58EE66D6-0B69-4029-B895-284C4FF4582D}.Debug|x64.Build.0 = Debug|x64
		{58EE66D6-0B69-4029-B895-284C4FF4582D}.Debug|x86.ActiveCfg = Debug|Win32
		{58EE66D6-0B69-4029-B895-284C4FF4582D}.Debug|x86.Build.0 = Debug|Win32
		{58EE66D6-0B69-4029-B895-284C4FF4582D}.Release|x64.ActiveCfg = Release|x64
		{58EE66D6-0B69-4029-B895-284C4FF4582D}.Release|x64.Build.0 = Release|x64
		{58EE66D6-0B69-4029-B895-284C4FF4582D}.Release|x86.ActiveCfg = Release|Win32
		{58EE66D6-0B69-4029-B895-284C4FF4582D}.Release|x86.Build.0 = Release|Win32
		{435EE336-877A-4F63-B267-56AA42795FA2}.Debug|x64.ActiveCfg = Debug|x64
		{435EE336-877A-4F63-B267-56AA42795FA2}.Debug|x64.Build.0 = Debug|x64
		{435EE336-877A-4F63-B267-56AA42795FA2}.Debug|x86.ActiveCfg = Debug|Win32
		{435EE336-877A-4F63-B267-56AA42795FA2}.Debug|x86.Build.0 = Debug|Win32
		{435EE336-877A-4F63-B267-56AA42795FA2}.Release|x64.ActiveCfg = Release|x64
		{435EE336-877A-4F63-B267-56AA42795FA2}.Release|x64.Build.0 = Release|x64
		{435EE336-877A-4F63-B267-56AA42795FA2}.Release|x86.ActiveCfg = Release|Win32
		{435EE336-877A-4F63-B267-56AA42795FA2}.Release|x86.Build.0 = Release|Win32
		{0A13261E-107E-4E56-8A28-55FA5D85F2C6}.Debug|x64.ActiveCfg = Debug|x64
		{0A13261E-107E-4E56-8A28-55FA5D85F2C6}.Debug|x64.Build.0 = Debug|x64
		{0A13261E-107E-4E56-8A28-55FA5D85F2C6}.Debug|x86.ActiveCfg = Debug|Win32
		{0A13261E-107E-4E56-8A28-55FA5D85F2C6}.Debug|x86.Build.0 = Debug|Win32
		{0A13261E-107E-4E56-8A28-55FA5D85F2C6}.Release|x64.ActiveCfg = Release|x64
		{0A13261E-107E-4E56-8A28-55FA5D85F2C6}.Release|x64.Build.0 = Release|x64
		{0A13261E-107E-4E56-8A28-55FA5D85F2C6}.Release|x86.ActiveCfg = Release|Win32
		{0A13261E-107E-4E56-8A28-55FA5D85F2C6}.Release|x86.Build.0 = Release|Win32
		{D6DEC616-93B7-41F0-9C4D-C9893A843F91}.Debug|x64.ActiveCfg = Debug|x64
		{D6DEC616-93B7-41F0-9C4D-C9893A843F91}.Debug|x64.Build.0 = Debug|x64
		{D6DEC616-93B7-41F0-9C4D-C9893A843F91}.Debug|x86.ActiveCfg = Debug|Win32
		{D6DEC616-93B7-41F0-9C4D-C9893A843F91}.Debug|x86.Build.0 = Debug|Win32
		{D6DEC616-93B7-41F0-9C4D-C9893A843F91}.Release|x64.ActiveCfg = Release|x64
		{D6DEC616-93B7-41F0-9C4D-C9893A843F91}.Release|x64.Build.0 = Release|x64
		{D6DEC616-93B7-41F0-9C4D-C9893A843F91}.Release|x86.ActiveCfg = Release|Win32
		{D6DEC616-93B7-41F0-9C4D-C9893A843F91}.Release|x86.Build.0 = Release|Win32
	EndGlobalSection
	GlobalSection(SolutionProperties) = preSolution
		HideSolutionNode = FALSE
	EndGlobalSection
EndGlobal
